
Microsoft Visual Studio Solution File, Format Version 12.00
# Visual Studio 15
Project("{FAE04EC0-301F-11D3-BF4B-00C04F79EFBC}") = "UnityEngine.TestRunner", "UnityEngine.TestRunner.csproj", "{64945D15-E0BE-AB69-3056-64A134E73F19}"
EndProject
Project("{FAE04EC0-301F-11D3-BF4B-00C04F79EFBC}") = "Unity.Mathematics", "Unity.Mathematics.csproj", "{0FED19CE-DC1D-0A3A-AD09-A65B03AB005B}"
EndProject
Project("{FAE04EC0-301F-11D3-BF4B-00C04F79EFBC}") = "Unity.2D.Animation.Triangle.Runtime", "Unity.2D.Animation.Triangle.Runtime.csproj", "{BD0B003C-48FC-FFDC-8718-E30CDBB4F8FC}"
EndProject
Project("{FAE04EC0-301F-11D3-BF4B-00C04F79EFBC}") = "Unity.Timeline", "Unity.Timeline.csproj", "{69992001-3EC7-BB7F-CA42-C30A7B34BBCD}"
EndProject
Project("{FAE04EC0-301F-11D3-BF4B-00C04F79EFBC}") = "UnityEngine.UI", "UnityEngine.UI.csproj", "{C50033CF-8797-63DF-896A-6339EECB21E9}"
EndProject
Project("{FAE04EC0-301F-11D3-BF4B-00C04F79EFBC}") = "Unity.TextMeshPro", "Unity.TextMeshPro.csproj", "{08AE5D41-4013-9349-2705-EAD918B3C552}"
EndProject
Project("{FAE04EC0-301F-11D3-BF4B-00C04F79EFBC}") = "Unity.2D.Animation.Runtime", "Unity.2D.Animation.Runtime.csproj", "{3A4D0809-7155-8691-3E35-158FAB86120C}"
EndProject
Project("{FAE04EC0-301F-11D3-BF4B-00C04F79EFBC}") = "Unity.2D.IK.Runtime", "Unity.2D.IK.Runtime.csproj", "{AE89C5BE-EF5A-DA38-2B77-F321A9D331AA}"
EndProject
Project("{FAE04EC0-301F-11D3-BF4B-00C04F79EFBC}") = "Unity.2D.SpriteShape.Runtime", "Unity.2D.SpriteShape.Runtime.csproj", "{24DF2D19-C4E2-2324-3C99-EE4E0311FF76}"
EndProject
Project("{FAE04EC0-301F-11D3-BF4B-00C04F79EFBC}") = "Unity.2D.PixelPerfect", "Unity.2D.PixelPerfect.csproj", "{7B31746A-2E2D-2C6F-CCB5-D8D9C0330CFF}"
EndProject
Project("{FAE04EC0-301F-11D3-BF4B-00C04F79EFBC}") = "Assembly-CSharp", "Assembly-CSharp.csproj", "{6869C23C-AAAB-F810-8F52-3C99489DBA87}"
EndProject
Project("{FAE04EC0-301F-11D3-BF4B-00C04F79EFBC}") = "Unity.2D.Common.Runtime", "Unity.2D.Common.Runtime.csproj", "{84E3DF5A-7B98-5FF5-CD7B-08F5CDE4EAF2}"
EndProject
Project("{FAE04EC0-301F-11D3-BF4B-00C04F79EFBC}") = "Unity.InternalAPIEngineBridge.001", "Unity.InternalAPIEngineBridge.001.csproj", "{173BABDA-4791-52BC-8BB3-AF4DFDBBE1BC}"
EndProject
Project("{FAE04EC0-301F-11D3-BF4B-00C04F79EFBC}") = "UnityEditor.TestRunner", "UnityEditor.TestRunner.csproj", "{BEA72546-692D-BF55-CE54-42BCCC2C96CC}"
EndProject
Project("{FAE04EC0-301F-11D3-BF4B-00C04F79EFBC}") = "Unity.PlasticSCM.Editor", "Unity.PlasticSCM.Editor.csproj", "{A66AC990-39FC-1BF8-DF95-EECE8DF098EF}"
EndProject
Project("{FAE04EC0-301F-11D3-BF4B-00C04F79EFBC}") = "UnityEditor.UI", "UnityEditor.UI.csproj", "{409BFC50-8B0F-FA3F-B45D-23F7ADB50121}"
EndProject
Project("{FAE04EC0-301F-11D3-BF4B-00C04F79EFBC}") = "Unity.Timeline.Editor", "Unity.Timeline.Editor.csproj", "{B26403EB-F9E1-ABD5-13EF-D5CBBB4A6DC0}"
EndProject
Project("{FAE04EC0-301F-11D3-BF4B-00C04F79EFBC}") = "Unity.VisualStudio.Editor", "Unity.VisualStudio.Editor.csproj", "{1BC632DD-F24B-23D2-E529-CDBADE97304C}"
EndProject
Project("{FAE04EC0-301F-11D3-BF4B-00C04F79EFBC}") = "Unity.2D.Psdimporter.Editor", "Unity.2D.Psdimporter.Editor.csproj", "{E361875F-7A14-5798-AFBF-D271FDACEE34}"
EndProject
Project("{FAE04EC0-301F-11D3-BF4B-00C04F79EFBC}") = "Unity.2D.Animation.Editor", "Unity.2D.Animation.Editor.csproj", "{48DADDFA-D3E9-C634-A110-F2911FE6B817}"
EndProject
Project("{FAE04EC0-301F-11D3-BF4B-00C04F79EFBC}") = "Unity.TextMeshPro.Editor", "Unity.TextMeshPro.Editor.csproj", "{A7196563-1310-18E2-2241-77C87A2C51C7}"
EndProject
Project("{FAE04EC0-301F-11D3-BF4B-00C04F79EFBC}") = "Unity.2D.SpriteShape.Editor", "Unity.2D.SpriteShape.Editor.csproj", "{06F2672D-3453-4726-B011-0D7AA0532391}"
EndProject
Project("{FAE04EC0-301F-11D3-BF4B-00C04F79EFBC}") = "Unity.CollabProxy.Editor", "Unity.CollabProxy.Editor.csproj", "{43340E5D-6D24-C3B2-057C-FCDFF7881732}"
EndProject
Project("{FAE04EC0-301F-11D3-BF4B-00C04F79EFBC}") = "PsdPlugin", "PsdPlugin.csproj", "{24FB9DDD-9A07-1B93-C8A8-BC287433CFC5}"
EndProject
Project("{FAE04EC0-301F-11D3-BF4B-00C04F79EFBC}") = "Unity.2D.Path.Editor", "Unity.2D.Path.Editor.csproj", "{7294007F-6328-461C-CFF9-580E6B458490}"
EndProject
Project("{FAE04EC0-301F-11D3-BF4B-00C04F79EFBC}") = "Unity.Rider.Editor", "Unity.Rider.Editor.csproj", "{5E5913C6-FE92-B277-4293-E50C61FC3458}"
EndProject
Project("{FAE04EC0-301F-11D3-BF4B-00C04F79EFBC}") = "Unity.2D.IK.Editor", "Unity.2D.IK.Editor.csproj", "{57A7B266-8A34-0CC0-7AE0-7C362CB582F9}"
EndProject
Project("{FAE04EC0-301F-11D3-BF4B-00C04F79EFBC}") = "Unity.2D.Sprite.Editor", "Unity.2D.Sprite.Editor.csproj", "{FAF9148A-26AB-3117-32BE-EF864DC752F2}"
EndProject
Project("{FAE04EC0-301F-11D3-BF4B-00C04F79EFBC}") = "Unity.2D.Tilemap.Editor", "Unity.2D.Tilemap.Editor.csproj", "{F155EBF8-241C-C9D0-3688-73314570113C}"
EndProject
Project("{FAE04EC0-301F-11D3-BF4B-00C04F79EFBC}") = "Unity.2D.PixelPerfect.Editor", "Unity.2D.PixelPerfect.Editor.csproj", "{D77BFF20-4F04-4A31-0410-7690B1E02815}"
EndProject
Project("{FAE04EC0-301F-11D3-BF4B-00C04F79EFBC}") = "Unity.VSCode.Editor", "Unity.VSCode.Editor.csproj", "{7CE285A9-5A54-6F20-5EA1-4C615A9CFCBC}"
EndProject
Project("{FAE04EC0-301F-11D3-BF4B-00C04F79EFBC}") = "Unity.2D.Common.Editor", "Unity.2D.Common.Editor.csproj", "{35343804-F215-6026-BE32-68521D4AAE8B}"
EndProject
Project("{FAE04EC0-301F-11D3-BF4B-00C04F79EFBC}") = "Unity.Mathematics.Editor", "Unity.Mathematics.Editor.csproj", "{AAF0D8C8-A431-02EA-ACE1-46E43A32E255}"
EndProject
Project("{FAE04EC0-301F-11D3-BF4B-00C04F79EFBC}") = "Unity.InternalAPIEditorBridge.001", "Unity.InternalAPIEditorBridge.001.csproj", "{3FC791F5-D9C5-B9A9-6163-00D72B4FFFD6}"
EndProject
Global
	GlobalSection(SolutionConfigurationPlatforms) = preSolution
		Debug|Any CPU = Debug|Any CPU
		Release|Any CPU = Release|Any CPU
	EndGlobalSection
	GlobalSection(ProjectConfigurationPlatforms) = postSolution
		{64945D15-E0BE-AB69-3056-64A134E73F19}.Debug|Any CPU.ActiveCfg = Debug|Any CPU
		{64945D15-E0BE-AB69-3056-64A134E73F19}.Debug|Any CPU.Build.0 = Debug|Any CPU
		{64945D15-E0BE-AB69-3056-64A134E73F19}.Release|Any CPU.ActiveCfg = Release|Any CPU
		{64945D15-E0BE-AB69-3056-64A134E73F19}.Release|Any CPU.Build.0 = Release|Any CPU
		{0FED19CE-DC1D-0A3A-AD09-A65B03AB005B}.Debug|Any CPU.ActiveCfg = Debug|Any CPU
		{0FED19CE-DC1D-0A3A-AD09-A65B03AB005B}.Debug|Any CPU.Build.0 = Debug|Any CPU
		{0FED19CE-DC1D-0A3A-AD09-A65B03AB005B}.Release|Any CPU.ActiveCfg = Release|Any CPU
		{0FED19CE-DC1D-0A3A-AD09-A65B03AB005B}.Release|Any CPU.Build.0 = Release|Any CPU
		{BD0B003C-48FC-FFDC-8718-E30CDBB4F8FC}.Debug|Any CPU.ActiveCfg = Debug|Any CPU
		{BD0B003C-48FC-FFDC-8718-E30CDBB4F8FC}.Debug|Any CPU.Build.0 = Debug|Any CPU
		{BD0B003C-48FC-FFDC-8718-E30CDBB4F8FC}.Release|Any CPU.ActiveCfg = Release|Any CPU
		{BD0B003C-48FC-FFDC-8718-E30CDBB4F8FC}.Release|Any CPU.Build.0 = Release|Any CPU
		{69992001-3EC7-BB7F-CA42-C30A7B34BBCD}.Debug|Any CPU.ActiveCfg = Debug|Any CPU
		{69992001-3EC7-BB7F-CA42-C30A7B34BBCD}.Debug|Any CPU.Build.0 = Debug|Any CPU
		{69992001-3EC7-BB7F-CA42-C30A7B34BBCD}.Release|Any CPU.ActiveCfg = Release|Any CPU
		{69992001-3EC7-BB7F-CA42-C30A7B34BBCD}.Release|Any CPU.Build.0 = Release|Any CPU
		{C50033CF-8797-63DF-896A-6339EECB21E9}.Debug|Any CPU.ActiveCfg = Debug|Any CPU
		{C50033CF-8797-63DF-896A-6339EECB21E9}.Debug|Any CPU.Build.0 = Debug|Any CPU
		{C50033CF-8797-63DF-896A-6339EECB21E9}.Release|Any CPU.ActiveCfg = Release|Any CPU
		{C50033CF-8797-63DF-896A-6339EECB21E9}.Release|Any CPU.Build.0 = Release|Any CPU
		{08AE5D41-4013-9349-2705-EAD918B3C552}.Debug|Any CPU.ActiveCfg = Debug|Any CPU
		{08AE5D41-4013-9349-2705-EAD918B3C552}.Debug|Any CPU.Build.0 = Debug|Any CPU
		{08AE5D41-4013-9349-2705-EAD918B3C552}.Release|Any CPU.ActiveCfg = Release|Any CPU
		{08AE5D41-4013-9349-2705-EAD918B3C552}.Release|Any CPU.Build.0 = Release|Any CPU
		{3A4D0809-7155-8691-3E35-158FAB86120C}.Debug|Any CPU.ActiveCfg = Debug|Any CPU
		{3A4D0809-7155-8691-3E35-158FAB86120C}.Debug|Any CPU.Build.0 = Debug|Any CPU
		{3A4D0809-7155-8691-3E35-158FAB86120C}.Release|Any CPU.ActiveCfg = Release|Any CPU
		{3A4D0809-7155-8691-3E35-158FAB86120C}.Release|Any CPU.Build.0 = Release|Any CPU
		{AE89C5BE-EF5A-DA38-2B77-F321A9D331AA}.Debug|Any CPU.ActiveCfg = Debug|Any CPU
		{AE89C5BE-EF5A-DA38-2B77-F321A9D331AA}.Debug|Any CPU.Build.0 = Debug|Any CPU
		{AE89C5BE-EF5A-DA38-2B77-F321A9D331AA}.Release|Any CPU.ActiveCfg = Release|Any CPU
		{AE89C5BE-EF5A-DA38-2B77-F321A9D331AA}.Release|Any CPU.Build.0 = Release|Any CPU
		{24DF2D19-C4E2-2324-3C99-EE4E0311FF76}.Debug|Any CPU.ActiveCfg = Debug|Any CPU
		{24DF2D19-C4E2-2324-3C99-EE4E0311FF76}.Debug|Any CPU.Build.0 = Debug|Any CPU
		{24DF2D19-C4E2-2324-3C99-EE4E0311FF76}.Release|Any CPU.ActiveCfg = Release|Any CPU
		{24DF2D19-C4E2-2324-3C99-EE4E0311FF76}.Release|Any CPU.Build.0 = Release|Any CPU
		{7B31746A-2E2D-2C6F-CCB5-D8D9C0330CFF}.Debug|Any CPU.ActiveCfg = Debug|Any CPU
		{7B31746A-2E2D-2C6F-CCB5-D8D9C0330CFF}.Debug|Any CPU.Build.0 = Debug|Any CPU
		{7B31746A-2E2D-2C6F-CCB5-D8D9C0330CFF}.Release|Any CPU.ActiveCfg = Release|Any CPU
		{7B31746A-2E2D-2C6F-CCB5-D8D9C0330CFF}.Release|Any CPU.Build.0 = Release|Any CPU
		{6869C23C-AAAB-F810-8F52-3C99489DBA87}.Debug|Any CPU.ActiveCfg = Debug|Any CPU
		{6869C23C-AAAB-F810-8F52-3C99489DBA87}.Debug|Any CPU.Build.0 = Debug|Any CPU
		{6869C23C-AAAB-F810-8F52-3C99489DBA87}.Release|Any CPU.ActiveCfg = Release|Any CPU
		{6869C23C-AAAB-F810-8F52-3C99489DBA87}.Release|Any CPU.Build.0 = Release|Any CPU
		{84E3DF5A-7B98-5FF5-CD7B-08F5CDE4EAF2}.Debug|Any CPU.ActiveCfg = Debug|Any CPU
		{84E3DF5A-7B98-5FF5-CD7B-08F5CDE4EAF2}.Debug|Any CPU.Build.0 = Debug|Any CPU
		{84E3DF5A-7B98-5FF5-CD7B-08F5CDE4EAF2}.Release|Any CPU.ActiveCfg = Release|Any CPU
		{84E3DF5A-7B98-5FF5-CD7B-08F5CDE4EAF2}.Release|Any CPU.Build.0 = Release|Any CPU
		{173BABDA-4791-52BC-8BB3-AF4DFDBBE1BC}.Debug|Any CPU.ActiveCfg = Debug|Any CPU
		{173BABDA-4791-52BC-8BB3-AF4DFDBBE1BC}.Debug|Any CPU.Build.0 = Debug|Any CPU
		{173BABDA-4791-52BC-8BB3-AF4DFDBBE1BC}.Release|Any CPU.ActiveCfg = Release|Any CPU
		{173BABDA-4791-52BC-8BB3-AF4DFDBBE1BC}.Release|Any CPU.Build.0 = Release|Any CPU
		{BEA72546-692D-BF55-CE54-42BCCC2C96CC}.Debug|Any CPU.ActiveCfg = Debug|Any CPU
		{BEA72546-692D-BF55-CE54-42BCCC2C96CC}.Debug|Any CPU.Build.0 = Debug|Any CPU
		{BEA72546-692D-BF55-CE54-42BCCC2C96CC}.Release|Any CPU.ActiveCfg = Release|Any CPU
		{BEA72546-692D-BF55-CE54-42BCCC2C96CC}.Release|Any CPU.Build.0 = Release|Any CPU
		{A66AC990-39FC-1BF8-DF95-EECE8DF098EF}.Debug|Any CPU.ActiveCfg = Debug|Any CPU
		{A66AC990-39FC-1BF8-DF95-EECE8DF098EF}.Debug|Any CPU.Build.0 = Debug|Any CPU
		{A66AC990-39FC-1BF8-DF95-EECE8DF098EF}.Release|Any CPU.ActiveCfg = Release|Any CPU
		{A66AC990-39FC-1BF8-DF95-EECE8DF098EF}.Release|Any CPU.Build.0 = Release|Any CPU
		{409BFC50-8B0F-FA3F-B45D-23F7ADB50121}.Debug|Any CPU.ActiveCfg = Debug|Any CPU
		{409BFC50-8B0F-FA3F-B45D-23F7ADB50121}.Debug|Any CPU.Build.0 = Debug|Any CPU
		{409BFC50-8B0F-FA3F-B45D-23F7ADB50121}.Release|Any CPU.ActiveCfg = Release|Any CPU
		{409BFC50-8B0F-FA3F-B45D-23F7ADB50121}.Release|Any CPU.Build.0 = Release|Any CPU
		{B26403EB-F9E1-ABD5-13EF-D5CBBB4A6DC0}.Debug|Any CPU.ActiveCfg = Debug|Any CPU
		{B26403EB-F9E1-ABD5-13EF-D5CBBB4A6DC0}.Debug|Any CPU.Build.0 = Debug|Any CPU
		{B26403EB-F9E1-ABD5-13EF-D5CBBB4A6DC0}.Release|Any CPU.ActiveCfg = Release|Any CPU
		{B26403EB-F9E1-ABD5-13EF-D5CBBB4A6DC0}.Release|Any CPU.Build.0 = Release|Any CPU
		{1BC632DD-F24B-23D2-E529-CDBADE97304C}.Debug|Any CPU.ActiveCfg = Debug|Any CPU
		{1BC632DD-F24B-23D2-E529-CDBADE97304C}.Debug|Any CPU.Build.0 = Debug|Any CPU
		{1BC632DD-F24B-23D2-E529-CDBADE97304C}.Release|Any CPU.ActiveCfg = Release|Any CPU
		{1BC632DD-F24B-23D2-E529-CDBADE97304C}.Release|Any CPU.Build.0 = Release|Any CPU
		{E361875F-7A14-5798-AFBF-D271FDACEE34}.Debug|Any CPU.ActiveCfg = Debug|Any CPU
		{E361875F-7A14-5798-AFBF-D271FDACEE34}.Debug|Any CPU.Build.0 = Debug|Any CPU
		{E361875F-7A14-5798-AFBF-D271FDACEE34}.Release|Any CPU.ActiveCfg = Release|Any CPU
		{E361875F-7A14-5798-AFBF-D271FDACEE34}.Release|Any CPU.Build.0 = Release|Any CPU
		{48DADDFA-D3E9-C634-A110-F2911FE6B817}.Debug|Any CPU.ActiveCfg = Debug|Any CPU
		{48DADDFA-D3E9-C634-A110-F2911FE6B817}.Debug|Any CPU.Build.0 = Debug|Any CPU
		{48DADDFA-D3E9-C634-A110-F2911FE6B817}.Release|Any CPU.ActiveCfg = Release|Any CPU
		{48DADDFA-D3E9-C634-A110-F2911FE6B817}.Release|Any CPU.Build.0 = Release|Any CPU
		{A7196563-1310-18E2-2241-77C87A2C51C7}.Debug|Any CPU.ActiveCfg = Debug|Any CPU
		{A7196563-1310-18E2-2241-77C87A2C51C7}.Debug|Any CPU.Build.0 = Debug|Any CPU
		{A7196563-1310-18E2-2241-77C87A2C51C7}.Release|Any CPU.ActiveCfg = Release|Any CPU
		{A7196563-1310-18E2-2241-77C87A2C51C7}.Release|Any CPU.Build.0 = Release|Any CPU
		{06F2672D-3453-4726-B011-0D7AA0532391}.Debug|Any CPU.ActiveCfg = Debug|Any CPU
		{06F2672D-3453-4726-B011-0D7AA0532391}.Debug|Any CPU.Build.0 = Debug|Any CPU
		{06F2672D-3453-4726-B011-0D7AA0532391}.Release|Any CPU.ActiveCfg = Release|Any CPU
		{06F2672D-3453-4726-B011-0D7AA0532391}.Release|Any CPU.Build.0 = Release|Any CPU
		{43340E5D-6D24-C3B2-057C-FCDFF7881732}.Debug|Any CPU.ActiveCfg = Debug|Any CPU
		{43340E5D-6D24-C3B2-057C-FCDFF7881732}.Debug|Any CPU.Build.0 = Debug|Any CPU
		{43340E5D-6D24-C3B2-057C-FCDFF7881732}.Release|Any CPU.ActiveCfg = Release|Any CPU
		{43340E5D-6D24-C3B2-057C-FCDFF7881732}.Release|Any CPU.Build.0 = Release|Any CPU
		{24FB9DDD-9A07-1B93-C8A8-BC287433CFC5}.Debug|Any CPU.ActiveCfg = Debug|Any CPU
		{24FB9DDD-9A07-1B93-C8A8-BC287433CFC5}.Debug|Any CPU.Build.0 = Debug|Any CPU
		{24FB9DDD-9A07-1B93-C8A8-BC287433CFC5}.Release|Any CPU.ActiveCfg = Release|Any CPU
		{24FB9DDD-9A07-1B93-C8A8-BC287433CFC5}.Release|Any CPU.Build.0 = Release|Any CPU
		{7294007F-6328-461C-CFF9-580E6B458490}.Debug|Any CPU.ActiveCfg = Debug|Any CPU
		{7294007F-6328-461C-CFF9-580E6B458490}.Debug|Any CPU.Build.0 = Debug|Any CPU
		{7294007F-6328-461C-CFF9-580E6B458490}.Release|Any CPU.ActiveCfg = Release|Any CPU
		{7294007F-6328-461C-CFF9-580E6B458490}.Release|Any CPU.Build.0 = Release|Any CPU
		{5E5913C6-FE92-B277-4293-E50C61FC3458}.Debug|Any CPU.ActiveCfg = Debug|Any CPU
		{5E5913C6-FE92-B277-4293-E50C61FC3458}.Debug|Any CPU.Build.0 = Debug|Any CPU
		{5E5913C6-FE92-B277-4293-E50C61FC3458}.Release|Any CPU.ActiveCfg = Release|Any CPU
		{5E5913C6-FE92-B277-4293-E50C61FC3458}.Release|Any CPU.Build.0 = Release|Any CPU
		{57A7B266-8A34-0CC0-7AE0-7C362CB582F9}.Debug|Any CPU.ActiveCfg = Debug|Any CPU
		{57A7B266-8A34-0CC0-7AE0-7C362CB582F9}.Debug|Any CPU.Build.0 = Debug|Any CPU
		{57A7B266-8A34-0CC0-7AE0-7C362CB582F9}.Release|Any CPU.ActiveCfg = Release|Any CPU
		{57A7B266-8A34-0CC0-7AE0-7C362CB582F9}.Release|Any CPU.Build.0 = Release|Any CPU
		{FAF9148A-26AB-3117-32BE-EF864DC752F2}.Debug|Any CPU.ActiveCfg = Debug|Any CPU
		{FAF9148A-26AB-3117-32BE-EF864DC752F2}.Debug|Any CPU.Build.0 = Debug|Any CPU
		{FAF9148A-26AB-3117-32BE-EF864DC752F2}.Release|Any CPU.ActiveCfg = Release|Any CPU
		{FAF9148A-26AB-3117-32BE-EF864DC752F2}.Release|Any CPU.Build.0 = Release|Any CPU
		{F155EBF8-241C-C9D0-3688-73314570113C}.Debug|Any CPU.ActiveCfg = Debug|Any CPU
		{F155EBF8-241C-C9D0-3688-73314570113C}.Debug|Any CPU.Build.0 = Debug|Any CPU
		{F155EBF8-241C-C9D0-3688-73314570113C}.Release|Any CPU.ActiveCfg = Release|Any CPU
		{F155EBF8-241C-C9D0-3688-73314570113C}.Release|Any CPU.Build.0 = Release|Any CPU
		{D77BFF20-4F04-4A31-0410-7690B1E02815}.Debug|Any CPU.ActiveCfg = Debug|Any CPU
		{D77BFF20-4F04-4A31-0410-7690B1E02815}.Debug|Any CPU.Build.0 = Debug|Any CPU
		{D77BFF20-4F04-4A31-0410-7690B1E02815}.Release|Any CPU.ActiveCfg = Release|Any CPU
		{D77BFF20-4F04-4A31-0410-7690B1E02815}.Release|Any CPU.Build.0 = Release|Any CPU
		{7CE285A9-5A54-6F20-5EA1-4C615A9CFCBC}.Debug|Any CPU.ActiveCfg = Debug|Any CPU
		{7CE285A9-5A54-6F20-5EA1-4C615A9CFCBC}.Debug|Any CPU.Build.0 = Debug|Any CPU
		{7CE285A9-5A54-6F20-5EA1-4C615A9CFCBC}.Release|Any CPU.ActiveCfg = Release|Any CPU
		{7CE285A9-5A54-6F20-5EA1-4C615A9CFCBC}.Release|Any CPU.Build.0 = Release|Any CPU
		{35343804-F215-6026-BE32-68521D4AAE8B}.Debug|Any CPU.ActiveCfg = Debug|Any CPU
		{35343804-F215-6026-BE32-68521D4AAE8B}.Debug|Any CPU.Build.0 = Debug|Any CPU
		{35343804-F215-6026-BE32-68521D4AAE8B}.Release|Any CPU.ActiveCfg = Release|Any CPU
		{35343804-F215-6026-BE32-68521D4AAE8B}.Release|Any CPU.Build.0 = Release|Any CPU
		{AAF0D8C8-A431-02EA-ACE1-46E43A32E255}.Debug|Any CPU.ActiveCfg = Debug|Any CPU
		{AAF0D8C8-A431-02EA-ACE1-46E43A32E255}.Debug|Any CPU.Build.0 = Debug|Any CPU
		{AAF0D8C8-A431-02EA-ACE1-46E43A32E255}.Release|Any CPU.ActiveCfg = Release|Any CPU
		{AAF0D8C8-A431-02EA-ACE1-46E43A32E255}.Release|Any CPU.Build.0 = Release|Any CPU
		{3FC791F5-D9C5-B9A9-6163-00D72B4FFFD6}.Debug|Any CPU.ActiveCfg = Debug|Any CPU
		{3FC791F5-D9C5-B9A9-6163-00D72B4FFFD6}.Debug|Any CPU.Build.0 = Debug|Any CPU
		{3FC791F5-D9C5-B9A9-6163-00D72B4FFFD6}.Release|Any CPU.ActiveCfg = Release|Any CPU
		{3FC791F5-D9C5-B9A9-6163-00D72B4FFFD6}.Release|Any CPU.Build.0 = Release|Any CPU
	EndGlobalSection
	GlobalSection(SolutionProperties) = preSolution
		HideSolutionNode = FALSE
	EndGlobalSection
EndGlobal
